{
  "name": "radio-yas",
  "version": "1.0.0",
  "lockfileVersion": 3,
  "requires": true,
  "packages": {
    "": {
      "name": "radio-yas",
      "version": "1.0.0",
      "license": "ISC",
      "dependencies": {
        "praytimes": "^0.0.5"
      }
    },
    "node_modules/praytimes": {
      "version": "0.0.5",
      "resolved": "https://registry.npmjs.org/praytimes/-/praytimes-0.0.5.tgz",
      "integrity": "sha512-63wa+L0yN+/1QAmF58uFw/XqL0pwdaiIDjn7NHuLRtxMHBFP4oN0evOLrjuPuyBOKAXHdEruMfdTcpEQKNSLyg=="
    }
  }
}
